
Microsoft Visual Studio Solution File, Format Version 12.00
# Visual Studio Version 17
VisualStudioVersion = 17.9.34728.123
MinimumVisualStudioVersion = 10.0.40219.1
Project("{FAE04EC0-301F-11D3-BF4B-00C04F79EFBC}") = "TextGame", "TextGame\TextGame.csproj", "{8A0F3C89-7CF1-4FEE-A52A-405C3D5090B7}"
EndProject
Global
	GlobalSection(SolutionConfigurationPlatforms) = preSolution
		Debug|Any CPU = Debug|Any CPU
		Release|Any CPU = Release|Any CPU
	EndGlobalSection
	GlobalSection(ProjectConfigurationPlatforms) = postSolution
		{8A0F3C89-7CF1-4FEE-A52A-405C3D5090B7}.Debug|Any CPU.ActiveCfg = Debug|Any CPU
		{8A0F3C89-7CF1-4FEE-A52A-405C3D5090B7}.Debug|Any CPU.Build.0 = Debug|Any CPU
		{8A0F3C89-7CF1-4FEE-A52A-405C3D5090B7}.Release|Any CPU.ActiveCfg = Release|Any CPU
		{8A0F3C89-7CF1-4FEE-A52A-405C3D5090B7}.Release|Any CPU.Build.0 = Release|Any CPU
	EndGlobalSection
	GlobalSection(SolutionProperties) = preSolution
		HideSolutionNode = FALSE
	EndGlobalSection
	GlobalSection(ExtensibilityGlobals) = postSolution
		SolutionGuid = {E452B1D8-341D-459A-9B62-82EAE65C50ED}
	EndGlobalSection
EndGlobal
